
Microsoft Visual Studio Solution File, Format Version 12.00
# Visual Studio 15
Project("{FAE04EC0-301F-11D3-BF4B-00C04F79EFBC}") = "Assembly-CSharp", "Assembly-CSharp.csproj", "{91F67C53-967C-DA84-3556-F26B921A29EB}"
EndProject
Project("{FAE04EC0-301F-11D3-BF4B-00C04F79EFBC}") = "Assembly-CSharp-Editor", "Assembly-CSharp-Editor.csproj", "{BBDCF139-5A8A-DB69-8199-9077F6F26225}"
EndProject
Global
	GlobalSection(SolutionConfigurationPlatforms) = preSolution
		Debug|Any CPU = Debug|Any CPU
		Release|Any CPU = Release|Any CPU
	EndGlobalSection
	GlobalSection(ProjectConfigurationPlatforms) = postSolution
		{91F67C53-967C-DA84-3556-F26B921A29EB}.Debug|Any CPU.ActiveCfg = Debug|Any CPU
		{91F67C53-967C-DA84-3556-F26B921A29EB}.Debug|Any CPU.Build.0 = Debug|Any CPU
		{91F67C53-967C-DA84-3556-F26B921A29EB}.Release|Any CPU.ActiveCfg = Release|Any CPU
		{91F67C53-967C-DA84-3556-F26B921A29EB}.Release|Any CPU.Build.0 = Release|Any CPU
		{BBDCF139-5A8A-DB69-8199-9077F6F26225}.Debug|Any CPU.ActiveCfg = Debug|Any CPU
		{BBDCF139-5A8A-DB69-8199-9077F6F26225}.Debug|Any CPU.Build.0 = Debug|Any CPU
		{BBDCF139-5A8A-DB69-8199-9077F6F26225}.Release|Any CPU.ActiveCfg = Release|Any CPU
		{BBDCF139-5A8A-DB69-8199-9077F6F26225}.Release|Any CPU.Build.0 = Release|Any CPU
	EndGlobalSection
	GlobalSection(SolutionProperties) = preSolution
		HideSolutionNode = FALSE
	EndGlobalSection
EndGlobal
